
Microsoft Visual Studio Solution File, Format Version 12.00
# Visual Studio Version 16
VisualStudioVersion = 16.0.29009.5
MinimumVisualStudioVersion = 10.0.40219.1
Project("{9A19103F-16F7-4668-BE54-9A1E7A4F7556}") = "BMWStore.Common", "BMWStore.Common\BMWStore.Common.csproj", "{E1F310E7-CEE3-4B09-8FAC-C51F9CA976B9}"
EndProject
Project("{9A19103F-16F7-4668-BE54-9A1E7A4F7556}") = "ServiceLayerRegistrar", "ServiceLayerRegistrar\ServiceLayerRegistrar.csproj", "{3719F936-CF6E-45BC-B444-21851D59B823}"
EndProject
Project("{9A19103F-16F7-4668-BE54-9A1E7A4F7556}") = "MappingRegistrar", "MappingRegistrar\MappingRegistrar.csproj", "{8040E463-4018-484A-80BB-EB8B2F23D585}"
EndProject
Project("{2150E333-8FDC-42A3-9474-1A3956D46DE8}") = "Tests", "Tests", "{4B00B0CD-C39E-4F6F-B92E-F83BE4B48FD8}"
EndProject
Project("{9A19103F-16F7-4668-BE54-9A1E7A4F7556}") = "BMWStore.Helpers", "BMWStore.Helpers\BMWStore.Helpers.csproj", "{8FD2EB80-2A24-418F-951C-3A29E259BB5E}"
EndProject
Project("{2150E333-8FDC-42A3-9474-1A3956D46DE8}") = "Data", "Data", "{79318C01-CAEC-4236-80A8-0CC232455A9F}"
EndProject
Project("{2150E333-8FDC-42A3-9474-1A3956D46DE8}") = "Services", "Services", "{DBD0DC9A-3A2D-47B9-82CF-2D95B34ED38C}"
EndProject
Project("{2150E333-8FDC-42A3-9474-1A3956D46DE8}") = "Web", "Web", "{00FB2DE7-A9B0-4760-9BC9-D432439FD6DE}"
EndProject
Project("{9A19103F-16F7-4668-BE54-9A1E7A4F7556}") = "BMWStore.Services", "Services\BMWStore.Services\BMWStore.Services.csproj", "{7A3E4105-D53D-4C7A-8FEF-A169D2602CF5}"
EndProject
Project("{9A19103F-16F7-4668-BE54-9A1E7A4F7556}") = "BMWStore.Helpers.Tests", "Tests\BMWStore.Helpers.Tests\BMWStore.Helpers.Tests.csproj", "{E561CE8D-EF07-42F8-A12B-D75DEF25AD6B}"
EndProject
Project("{9A19103F-16F7-4668-BE54-9A1E7A4F7556}") = "BMWStore.Services.Tests", "Tests\BMWStore.Services.Tests\BMWStore.Services.Tests.csproj", "{39768257-A256-4E05-9353-9C8A372E05E8}"
EndProject
Project("{9A19103F-16F7-4668-BE54-9A1E7A4F7556}") = "BMWStore.Tests.Common", "Tests\BMWStore.Tests.Common\BMWStore.Tests.Common.csproj", "{4F744065-443A-4169-B189-476E3B25B50C}"
EndProject
Project("{9A19103F-16F7-4668-BE54-9A1E7A4F7556}") = "BMWStore.Web.Tests", "Tests\BMWStore.Web.Tests\BMWStore.Web.Tests.csproj", "{958CD542-B03B-425A-9031-9CBB9871E062}"
EndProject
Project("{9A19103F-16F7-4668-BE54-9A1E7A4F7556}") = "BMWStore.Models", "Web\BMWStore.Models\BMWStore.Models.csproj", "{4DDA40A2-8A92-4B7A-9BFB-746CCC24779F}"
EndProject
Project("{9A19103F-16F7-4668-BE54-9A1E7A4F7556}") = "BMWStore.Web", "Web\BMWStore.Web\BMWStore.Web.csproj", "{5BCEAB09-B079-489D-9655-F428EB40E77F}"
EndProject
Project("{9A19103F-16F7-4668-BE54-9A1E7A4F7556}") = "BMWStore.Data", "Data\BMWStore.Data\BMWStore.Data.csproj", "{A3744C3E-2377-43DF-B273-0853365C20D6}"
EndProject
Project("{9A19103F-16F7-4668-BE54-9A1E7A4F7556}") = "BMWStore.Entities", "Data\BMWStore.Entities\BMWStore.Entities.csproj", "{B6D99127-CF8F-4B5E-B3BE-F8E93406A515}"
EndProject
Project("{9A19103F-16F7-4668-BE54-9A1E7A4F7556}") = "BMWStore.Services.Models", "Services\BMWStore.Services.Models\BMWStore.Services.Models.csproj", "{BCF8F326-BFA6-4911-83C2-0D28E2552A8D}"
EndProject
Project("{FAE04EC0-301F-11D3-BF4B-00C04F79EFBC}") = "BMWStore.Exceptions", "BMWStore.Exceptions\BMWStore.Exceptions.csproj", "{77029450-FA4B-4DB0-814B-88D3D18C109C}"
EndProject
Global
	GlobalSection(SolutionConfigurationPlatforms) = preSolution
		Debug|Any CPU = Debug|Any CPU
		Release|Any CPU = Release|Any CPU
	EndGlobalSection
	GlobalSection(ProjectConfigurationPlatforms) = postSolution
		{E1F310E7-CEE3-4B09-8FAC-C51F9CA976B9}.Debug|Any CPU.ActiveCfg = Debug|Any CPU
		{E1F310E7-CEE3-4B09-8FAC-C51F9CA976B9}.Debug|Any CPU.Build.0 = Debug|Any CPU
		{E1F310E7-CEE3-4B09-8FAC-C51F9CA976B9}.Release|Any CPU.ActiveCfg = Release|Any CPU
		{E1F310E7-CEE3-4B09-8FAC-C51F9CA976B9}.Release|Any CPU.Build.0 = Release|Any CPU
		{3719F936-CF6E-45BC-B444-21851D59B823}.Debug|Any CPU.ActiveCfg = Debug|Any CPU
		{3719F936-CF6E-45BC-B444-21851D59B823}.Debug|Any CPU.Build.0 = Debug|Any CPU
		{3719F936-CF6E-45BC-B444-21851D59B823}.Release|Any CPU.ActiveCfg = Release|Any CPU
		{3719F936-CF6E-45BC-B444-21851D59B823}.Release|Any CPU.Build.0 = Release|Any CPU
		{8040E463-4018-484A-80BB-EB8B2F23D585}.Debug|Any CPU.ActiveCfg = Debug|Any CPU
		{8040E463-4018-484A-80BB-EB8B2F23D585}.Debug|Any CPU.Build.0 = Debug|Any CPU
		{8040E463-4018-484A-80BB-EB8B2F23D585}.Release|Any CPU.ActiveCfg = Release|Any CPU
		{8040E463-4018-484A-80BB-EB8B2F23D585}.Release|Any CPU.Build.0 = Release|Any CPU
		{8FD2EB80-2A24-418F-951C-3A29E259BB5E}.Debug|Any CPU.ActiveCfg = Debug|Any CPU
		{8FD2EB80-2A24-418F-951C-3A29E259BB5E}.Debug|Any CPU.Build.0 = Debug|Any CPU
		{8FD2EB80-2A24-418F-951C-3A29E259BB5E}.Release|Any CPU.ActiveCfg = Release|Any CPU
		{8FD2EB80-2A24-418F-951C-3A29E259BB5E}.Release|Any CPU.Build.0 = Release|Any CPU
		{7A3E4105-D53D-4C7A-8FEF-A169D2602CF5}.Debug|Any CPU.ActiveCfg = Debug|Any CPU
		{7A3E4105-D53D-4C7A-8FEF-A169D2602CF5}.Debug|Any CPU.Build.0 = Debug|Any CPU
		{7A3E4105-D53D-4C7A-8FEF-A169D2602CF5}.Release|Any CPU.ActiveCfg = Release|Any CPU
		{7A3E4105-D53D-4C7A-8FEF-A169D2602CF5}.Release|Any CPU.Build.0 = Release|Any CPU
		{E561CE8D-EF07-42F8-A12B-D75DEF25AD6B}.Debug|Any CPU.ActiveCfg = Debug|Any CPU
		{E561CE8D-EF07-42F8-A12B-D75DEF25AD6B}.Debug|Any CPU.Build.0 = Debug|Any CPU
		{E561CE8D-EF07-42F8-A12B-D75DEF25AD6B}.Release|Any CPU.ActiveCfg = Release|Any CPU
		{E561CE8D-EF07-42F8-A12B-D75DEF25AD6B}.Release|Any CPU.Build.0 = Release|Any CPU
		{39768257-A256-4E05-9353-9C8A372E05E8}.Debug|Any CPU.ActiveCfg = Debug|Any CPU
		{39768257-A256-4E05-9353-9C8A372E05E8}.Debug|Any CPU.Build.0 = Debug|Any CPU
		{39768257-A256-4E05-9353-9C8A372E05E8}.Release|Any CPU.ActiveCfg = Release|Any CPU
		{39768257-A256-4E05-9353-9C8A372E05E8}.Release|Any CPU.Build.0 = Release|Any CPU
		{4F744065-443A-4169-B189-476E3B25B50C}.Debug|Any CPU.ActiveCfg = Debug|Any CPU
		{4F744065-443A-4169-B189-476E3B25B50C}.Debug|Any CPU.Build.0 = Debug|Any CPU
		{4F744065-443A-4169-B189-476E3B25B50C}.Release|Any CPU.ActiveCfg = Release|Any CPU
		{4F744065-443A-4169-B189-476E3B25B50C}.Release|Any CPU.Build.0 = Release|Any CPU
		{958CD542-B03B-425A-9031-9CBB9871E062}.Debug|Any CPU.ActiveCfg = Debug|Any CPU
		{958CD542-B03B-425A-9031-9CBB9871E062}.Debug|Any CPU.Build.0 = Debug|Any CPU
		{958CD542-B03B-425A-9031-9CBB9871E062}.Release|Any CPU.ActiveCfg = Release|Any CPU
		{958CD542-B03B-425A-9031-9CBB9871E062}.Release|Any CPU.Build.0 = Release|Any CPU
		{4DDA40A2-8A92-4B7A-9BFB-746CCC24779F}.Debug|Any CPU.ActiveCfg = Debug|Any CPU
		{4DDA40A2-8A92-4B7A-9BFB-746CCC24779F}.Debug|Any CPU.Build.0 = Debug|Any CPU
		{4DDA40A2-8A92-4B7A-9BFB-746CCC24779F}.Release|Any CPU.ActiveCfg = Release|Any CPU
		{4DDA40A2-8A92-4B7A-9BFB-746CCC24779F}.Release|Any CPU.Build.0 = Release|Any CPU
		{5BCEAB09-B079-489D-9655-F428EB40E77F}.Debug|Any CPU.ActiveCfg = Debug|Any CPU
		{5BCEAB09-B079-489D-9655-F428EB40E77F}.Debug|Any CPU.Build.0 = Debug|Any CPU
		{5BCEAB09-B079-489D-9655-F428EB40E77F}.Release|Any CPU.ActiveCfg = Release|Any CPU
		{5BCEAB09-B079-489D-9655-F428EB40E77F}.Release|Any CPU.Build.0 = Release|Any CPU
		{A3744C3E-2377-43DF-B273-0853365C20D6}.Debug|Any CPU.ActiveCfg = Debug|Any CPU
		{A3744C3E-2377-43DF-B273-0853365C20D6}.Debug|Any CPU.Build.0 = Debug|Any CPU
		{A3744C3E-2377-43DF-B273-0853365C20D6}.Release|Any CPU.ActiveCfg = Release|Any CPU
		{A3744C3E-2377-43DF-B273-0853365C20D6}.Release|Any CPU.Build.0 = Release|Any CPU
		{B6D99127-CF8F-4B5E-B3BE-F8E93406A515}.Debug|Any CPU.ActiveCfg = Debug|Any CPU
		{B6D99127-CF8F-4B5E-B3BE-F8E93406A515}.Debug|Any CPU.Build.0 = Debug|Any CPU
		{B6D99127-CF8F-4B5E-B3BE-F8E93406A515}.Release|Any CPU.ActiveCfg = Release|Any CPU
		{B6D99127-CF8F-4B5E-B3BE-F8E93406A515}.Release|Any CPU.Build.0 = Release|Any CPU
		{BCF8F326-BFA6-4911-83C2-0D28E2552A8D}.Debug|Any CPU.ActiveCfg = Debug|Any CPU
		{BCF8F326-BFA6-4911-83C2-0D28E2552A8D}.Debug|Any CPU.Build.0 = Debug|Any CPU
		{BCF8F326-BFA6-4911-83C2-0D28E2552A8D}.Release|Any CPU.ActiveCfg = Release|Any CPU
		{BCF8F326-BFA6-4911-83C2-0D28E2552A8D}.Release|Any CPU.Build.0 = Release|Any CPU
		{77029450-FA4B-4DB0-814B-88D3D18C109C}.Debug|Any CPU.ActiveCfg = Debug|Any CPU
		{77029450-FA4B-4DB0-814B-88D3D18C109C}.Debug|Any CPU.Build.0 = Debug|Any CPU
		{77029450-FA4B-4DB0-814B-88D3D18C109C}.Release|Any CPU.ActiveCfg = Release|Any CPU
		{77029450-FA4B-4DB0-814B-88D3D18C109C}.Release|Any CPU.Build.0 = Release|Any CPU
	EndGlobalSection
	GlobalSection(SolutionProperties) = preSolution
		HideSolutionNode = FALSE
	EndGlobalSection
	GlobalSection(NestedProjects) = preSolution
		{7A3E4105-D53D-4C7A-8FEF-A169D2602CF5} = {DBD0DC9A-3A2D-47B9-82CF-2D95B34ED38C}
		{E561CE8D-EF07-42F8-A12B-D75DEF25AD6B} = {4B00B0CD-C39E-4F6F-B92E-F83BE4B48FD8}
		{39768257-A256-4E05-9353-9C8A372E05E8} = {4B00B0CD-C39E-4F6F-B92E-F83BE4B48FD8}
		{4F744065-443A-4169-B189-476E3B25B50C} = {4B00B0CD-C39E-4F6F-B92E-F83BE4B48FD8}
		{958CD542-B03B-425A-9031-9CBB9871E062} = {4B00B0CD-C39E-4F6F-B92E-F83BE4B48FD8}
		{4DDA40A2-8A92-4B7A-9BFB-746CCC24779F} = {00FB2DE7-A9B0-4760-9BC9-D432439FD6DE}
		{5BCEAB09-B079-489D-9655-F428EB40E77F} = {00FB2DE7-A9B0-4760-9BC9-D432439FD6DE}
		{A3744C3E-2377-43DF-B273-0853365C20D6} = {79318C01-CAEC-4236-80A8-0CC232455A9F}
		{B6D99127-CF8F-4B5E-B3BE-F8E93406A515} = {79318C01-CAEC-4236-80A8-0CC232455A9F}
		{BCF8F326-BFA6-4911-83C2-0D28E2552A8D} = {DBD0DC9A-3A2D-47B9-82CF-2D95B34ED38C}
	EndGlobalSection
	GlobalSection(ExtensibilityGlobals) = postSolution
		SolutionGuid = {A36F469B-254E-43CC-BA45-43ABEBA73A95}
	EndGlobalSection
EndGlobal
