
Microsoft Visual Studio Solution File, Format Version 12.00
# Visual Studio Version 16
VisualStudioVersion = 16.0.29009.5
MinimumVisualStudioVersion = 10.0.40219.1
Project("{9A19103F-16F7-4668-BE54-9A1E7A4F7556}") = "BMWStore.Web", "BMWStore.Web\BMWStore.Web.csproj", "{A5F6E920-AC6B-4A74-8D78-99C9096618C0}"
EndProject
Project("{9A19103F-16F7-4668-BE54-9A1E7A4F7556}") = "BMWStore.Services", "BMWStore.Services\BMWStore.Services.csproj", "{CF7E009A-0696-4655-99FF-1149A9DD6CCF}"
EndProject
Project("{9A19103F-16F7-4668-BE54-9A1E7A4F7556}") = "BMWStore.Models", "BMWStore.Models\BMWStore.Models.csproj", "{12E8EDBB-B0C2-4A80-94B4-75BD1EA506C2}"
EndProject
Project("{9A19103F-16F7-4668-BE54-9A1E7A4F7556}") = "BMWStore.Data", "BMWStore.Data\BMWStore.Data.csproj", "{E15FBB67-4D27-4FA6-86CD-D7865E7790DC}"
EndProject
Project("{9A19103F-16F7-4668-BE54-9A1E7A4F7556}") = "BMWStore.Entities", "BMWStore.Entities\BMWStore.Entities.csproj", "{621C602B-812B-4333-B1DB-9174E230108B}"
EndProject
Project("{9A19103F-16F7-4668-BE54-9A1E7A4F7556}") = "BMWStore.Common", "BMWStore.Common\BMWStore.Common.csproj", "{E1F310E7-CEE3-4B09-8FAC-C51F9CA976B9}"
EndProject
Project("{9A19103F-16F7-4668-BE54-9A1E7A4F7556}") = "ServiceLayerRegistrar", "ServiceLayerRegistrar\ServiceLayerRegistrar.csproj", "{3719F936-CF6E-45BC-B444-21851D59B823}"
EndProject
Project("{9A19103F-16F7-4668-BE54-9A1E7A4F7556}") = "MappingRegistrar", "MappingRegistrar\MappingRegistrar.csproj", "{8040E463-4018-484A-80BB-EB8B2F23D585}"
EndProject
Project("{2150E333-8FDC-42A3-9474-1A3956D46DE8}") = "Tests", "Tests", "{4B00B0CD-C39E-4F6F-B92E-F83BE4B48FD8}"
EndProject
Project("{9A19103F-16F7-4668-BE54-9A1E7A4F7556}") = "BMWStore.Services.Tests", "BMWStore.Services.Tests\BMWStore.Services.Tests.csproj", "{629CA521-4C78-476F-959F-1A4CBDCB1686}"
EndProject
Project("{9A19103F-16F7-4668-BE54-9A1E7A4F7556}") = "BMWStore.Web.Tests", "BMWStore.Web.Tests\BMWStore.Web.Tests.csproj", "{89B7C988-C683-4AB4-8351-6B4509BB6A59}"
EndProject
Project("{9A19103F-16F7-4668-BE54-9A1E7A4F7556}") = "BMWStore.Tests.Common", "BMWStore.Tests.Common\BMWStore.Tests.Common.csproj", "{92C2BD79-7546-4447-9433-1B8B4E07D40B}"
EndProject
Global
	GlobalSection(SolutionConfigurationPlatforms) = preSolution
		Debug|Any CPU = Debug|Any CPU
		Release|Any CPU = Release|Any CPU
	EndGlobalSection
	GlobalSection(ProjectConfigurationPlatforms) = postSolution
		{A5F6E920-AC6B-4A74-8D78-99C9096618C0}.Debug|Any CPU.ActiveCfg = Debug|Any CPU
		{A5F6E920-AC6B-4A74-8D78-99C9096618C0}.Debug|Any CPU.Build.0 = Debug|Any CPU
		{A5F6E920-AC6B-4A74-8D78-99C9096618C0}.Release|Any CPU.ActiveCfg = Release|Any CPU
		{A5F6E920-AC6B-4A74-8D78-99C9096618C0}.Release|Any CPU.Build.0 = Release|Any CPU
		{CF7E009A-0696-4655-99FF-1149A9DD6CCF}.Debug|Any CPU.ActiveCfg = Debug|Any CPU
		{CF7E009A-0696-4655-99FF-1149A9DD6CCF}.Debug|Any CPU.Build.0 = Debug|Any CPU
		{CF7E009A-0696-4655-99FF-1149A9DD6CCF}.Release|Any CPU.ActiveCfg = Release|Any CPU
		{CF7E009A-0696-4655-99FF-1149A9DD6CCF}.Release|Any CPU.Build.0 = Release|Any CPU
		{12E8EDBB-B0C2-4A80-94B4-75BD1EA506C2}.Debug|Any CPU.ActiveCfg = Debug|Any CPU
		{12E8EDBB-B0C2-4A80-94B4-75BD1EA506C2}.Debug|Any CPU.Build.0 = Debug|Any CPU
		{12E8EDBB-B0C2-4A80-94B4-75BD1EA506C2}.Release|Any CPU.ActiveCfg = Release|Any CPU
		{12E8EDBB-B0C2-4A80-94B4-75BD1EA506C2}.Release|Any CPU.Build.0 = Release|Any CPU
		{E15FBB67-4D27-4FA6-86CD-D7865E7790DC}.Debug|Any CPU.ActiveCfg = Debug|Any CPU
		{E15FBB67-4D27-4FA6-86CD-D7865E7790DC}.Debug|Any CPU.Build.0 = Debug|Any CPU
		{E15FBB67-4D27-4FA6-86CD-D7865E7790DC}.Release|Any CPU.ActiveCfg = Release|Any CPU
		{E15FBB67-4D27-4FA6-86CD-D7865E7790DC}.Release|Any CPU.Build.0 = Release|Any CPU
		{621C602B-812B-4333-B1DB-9174E230108B}.Debug|Any CPU.ActiveCfg = Debug|Any CPU
		{621C602B-812B-4333-B1DB-9174E230108B}.Debug|Any CPU.Build.0 = Debug|Any CPU
		{621C602B-812B-4333-B1DB-9174E230108B}.Release|Any CPU.ActiveCfg = Release|Any CPU
		{621C602B-812B-4333-B1DB-9174E230108B}.Release|Any CPU.Build.0 = Release|Any CPU
		{E1F310E7-CEE3-4B09-8FAC-C51F9CA976B9}.Debug|Any CPU.ActiveCfg = Debug|Any CPU
		{E1F310E7-CEE3-4B09-8FAC-C51F9CA976B9}.Debug|Any CPU.Build.0 = Debug|Any CPU
		{E1F310E7-CEE3-4B09-8FAC-C51F9CA976B9}.Release|Any CPU.ActiveCfg = Release|Any CPU
		{E1F310E7-CEE3-4B09-8FAC-C51F9CA976B9}.Release|Any CPU.Build.0 = Release|Any CPU
		{3719F936-CF6E-45BC-B444-21851D59B823}.Debug|Any CPU.ActiveCfg = Debug|Any CPU
		{3719F936-CF6E-45BC-B444-21851D59B823}.Debug|Any CPU.Build.0 = Debug|Any CPU
		{3719F936-CF6E-45BC-B444-21851D59B823}.Release|Any CPU.ActiveCfg = Release|Any CPU
		{3719F936-CF6E-45BC-B444-21851D59B823}.Release|Any CPU.Build.0 = Release|Any CPU
		{8040E463-4018-484A-80BB-EB8B2F23D585}.Debug|Any CPU.ActiveCfg = Debug|Any CPU
		{8040E463-4018-484A-80BB-EB8B2F23D585}.Debug|Any CPU.Build.0 = Debug|Any CPU
		{8040E463-4018-484A-80BB-EB8B2F23D585}.Release|Any CPU.ActiveCfg = Release|Any CPU
		{8040E463-4018-484A-80BB-EB8B2F23D585}.Release|Any CPU.Build.0 = Release|Any CPU
		{629CA521-4C78-476F-959F-1A4CBDCB1686}.Debug|Any CPU.ActiveCfg = Debug|Any CPU
		{629CA521-4C78-476F-959F-1A4CBDCB1686}.Debug|Any CPU.Build.0 = Debug|Any CPU
		{629CA521-4C78-476F-959F-1A4CBDCB1686}.Release|Any CPU.ActiveCfg = Release|Any CPU
		{629CA521-4C78-476F-959F-1A4CBDCB1686}.Release|Any CPU.Build.0 = Release|Any CPU
		{89B7C988-C683-4AB4-8351-6B4509BB6A59}.Debug|Any CPU.ActiveCfg = Debug|Any CPU
		{89B7C988-C683-4AB4-8351-6B4509BB6A59}.Debug|Any CPU.Build.0 = Debug|Any CPU
		{89B7C988-C683-4AB4-8351-6B4509BB6A59}.Release|Any CPU.ActiveCfg = Release|Any CPU
		{89B7C988-C683-4AB4-8351-6B4509BB6A59}.Release|Any CPU.Build.0 = Release|Any CPU
		{92C2BD79-7546-4447-9433-1B8B4E07D40B}.Debug|Any CPU.ActiveCfg = Debug|Any CPU
		{92C2BD79-7546-4447-9433-1B8B4E07D40B}.Debug|Any CPU.Build.0 = Debug|Any CPU
		{92C2BD79-7546-4447-9433-1B8B4E07D40B}.Release|Any CPU.ActiveCfg = Release|Any CPU
		{92C2BD79-7546-4447-9433-1B8B4E07D40B}.Release|Any CPU.Build.0 = Release|Any CPU
	EndGlobalSection
	GlobalSection(SolutionProperties) = preSolution
		HideSolutionNode = FALSE
	EndGlobalSection
	GlobalSection(NestedProjects) = preSolution
		{629CA521-4C78-476F-959F-1A4CBDCB1686} = {4B00B0CD-C39E-4F6F-B92E-F83BE4B48FD8}
		{89B7C988-C683-4AB4-8351-6B4509BB6A59} = {4B00B0CD-C39E-4F6F-B92E-F83BE4B48FD8}
		{92C2BD79-7546-4447-9433-1B8B4E07D40B} = {4B00B0CD-C39E-4F6F-B92E-F83BE4B48FD8}
	EndGlobalSection
	GlobalSection(ExtensibilityGlobals) = postSolution
		SolutionGuid = {A36F469B-254E-43CC-BA45-43ABEBA73A95}
	EndGlobalSection
EndGlobal
